
Microsoft Visual Studio Solution File, Format Version 12.00
# Visual Studio Version 17
VisualStudioVersion = 17.9.34728.123
MinimumVisualStudioVersion = 10.0.40219.1
Project("{9A19103F-16F7-4668-BE54-9A1E7A4F7556}") = "ServerShopDisplay", "ServerShopDisplay.csproj", "{62408344-2318-44F1-87F1-A49CD42D3A67}"
EndProject
Global
	GlobalSection(SolutionConfigurationPlatforms) = preSolution
		Debug|Any CPU = Debug|Any CPU
		Release|Any CPU = Release|Any CPU
	EndGlobalSection
	GlobalSection(ProjectConfigurationPlatforms) = postSolution
		{62408344-2318-44F1-87F1-A49CD42D3A67}.Debug|Any CPU.ActiveCfg = Debug|Any CPU
		{62408344-2318-44F1-87F1-A49CD42D3A67}.Debug|Any CPU.Build.0 = Debug|Any CPU
		{62408344-2318-44F1-87F1-A49CD42D3A67}.Release|Any CPU.ActiveCfg = Release|Any CPU
		{62408344-2318-44F1-87F1-A49CD42D3A67}.Release|Any CPU.Build.0 = Release|Any CPU
	EndGlobalSection
	GlobalSection(SolutionProperties) = preSolution
		HideSolutionNode = FALSE
	EndGlobalSection
	GlobalSection(ExtensibilityGlobals) = postSolution
		SolutionGuid = {B58C4258-29F1-4CB7-BE2D-2A7EB1A0D752}
	EndGlobalSection
EndGlobal
